// !$*UTF8*$!
{
	archiveVersion = 1;
	classes = {
	};
	objectVersion = 48;
	objects = {

/* Begin PBXBuildFile section */
		34CFC192D49923F222D3A415 /* Pods_iOS_Reload.framework in Frameworks */ = {isa = PBXBuildFile; fileRef = FA4605EAF6C4B77DE2DC4B02 /* Pods_iOS_Reload.framework */; };
		4DDDB1162051F38E002241EA /* AppDelegate.swift in Sources */ = {isa = PBXBuildFile; fileRef = 4DDDB1152051F38E002241EA /* AppDelegate.swift */; };
		4DDDB1182051F38E002241EA /* MasterViewController.swift in Sources */ = {isa = PBXBuildFile; fileRef = 4DDDB1172051F38E002241EA /* MasterViewController.swift */; };
		4DDDB11A2051F38E002241EA /* DetailViewController.swift in Sources */ = {isa = PBXBuildFile; fileRef = 4DDDB1192051F38E002241EA /* DetailViewController.swift */; };
		4DDDB11D2051F38E002241EA /* Main.storyboard in Resources */ = {isa = PBXBuildFile; fileRef = 4DDDB11B2051F38E002241EA /* Main.storyboard */; };
		4DDDB11F2051F38E002241EA /* Assets.xcassets in Resources */ = {isa = PBXBuildFile; fileRef = 4DDDB11E2051F38E002241EA /* Assets.xcassets */; };
		4DDDB1222051F38E002241EA /* LaunchScreen.storyboard in Resources */ = {isa = PBXBuildFile; fileRef = 4DDDB1202051F38E002241EA /* LaunchScreen.storyboard */; };
		4DDDB12A2051F3E9002241EA /* RunningWallet.swift in Sources */ = {isa = PBXBuildFile; fileRef = 4DDDB1292051F3E9002241EA /* RunningWallet.swift */; };
/* End PBXBuildFile section */

/* Begin PBXFileReference section */
		12EF49F15DC298578C2196D3 /* Pods-iOS-Reload.release.xcconfig */ = {isa = PBXFileReference; includeInIndex = 1; lastKnownFileType = text.xcconfig; name = "Pods-iOS-Reload.release.xcconfig"; path = "Pods/Target Support Files/Pods-iOS-Reload/Pods-iOS-Reload.release.xcconfig"; sourceTree = "<group>"; };
		4DDDB1122051F38E002241EA /* iOS-Reload.app */ = {isa = PBXFileReference; explicitFileType = wrapper.application; includeInIndex = 0; path = "iOS-Reload.app"; sourceTree = BUILT_PRODUCTS_DIR; };
		4DDDB1152051F38E002241EA /* AppDelegate.swift */ = {isa = PBXFileReference; lastKnownFileType = sourcecode.swift; path = AppDelegate.swift; sourceTree = "<group>"; };
		4DDDB1172051F38E002241EA /* MasterViewController.swift */ = {isa = PBXFileReference; lastKnownFileType = sourcecode.swift; path = MasterViewController.swift; sourceTree = "<group>"; };
		4DDDB1192051F38E002241EA /* DetailViewController.swift */ = {isa = PBXFileReference; lastKnownFileType = sourcecode.swift; path = DetailViewController.swift; sourceTree = "<group>"; };
		4DDDB11C2051F38E002241EA /* Base */ = {isa = PBXFileReference; lastKnownFileType = file.storyboard; name = Base; path = Base.lproj/Main.storyboard; sourceTree = "<group>"; };
		4DDDB11E2051F38E002241EA /* Assets.xcassets */ = {isa = PBXFileReference; lastKnownFileType = folder.assetcatalog; path = Assets.xcassets; sourceTree = "<group>"; };
		4DDDB1212051F38E002241EA /* Base */ = {isa = PBXFileReference; lastKnownFileType = file.storyboard; name = Base; path = Base.lproj/LaunchScreen.storyboard; sourceTree = "<group>"; };
		4DDDB1232051F38E002241EA /* Info.plist */ = {isa = PBXFileReference; lastKnownFileType = text.plist.xml; path = Info.plist; sourceTree = "<group>"; };
		4DDDB1292051F3E9002241EA /* RunningWallet.swift */ = {isa = PBXFileReference; lastKnownFileType = sourcecode.swift; path = RunningWallet.swift; sourceTree = "<group>"; };
		8225EFE083D87E8B931DCE67 /* Pods-iOS-Reload.debug.xcconfig */ = {isa = PBXFileReference; includeInIndex = 1; lastKnownFileType = text.xcconfig; name = "Pods-iOS-Reload.debug.xcconfig"; path = "Pods/Target Support Files/Pods-iOS-Reload/Pods-iOS-Reload.debug.xcconfig"; sourceTree = "<group>"; };
		FA4605EAF6C4B77DE2DC4B02 /* Pods_iOS_Reload.framework */ = {isa = PBXFileReference; explicitFileType = wrapper.framework; includeInIndex = 0; path = Pods_iOS_Reload.framework; sourceTree = BUILT_PRODUCTS_DIR; };
/* End PBXFileReference section */

/* Begin PBXFrameworksBuildPhase section */
		4DDDB10F2051F38E002241EA /* Frameworks */ = {
			isa = PBXFrameworksBuildPhase;
			buildActionMask = 2147483647;
			files = (
				34CFC192D49923F222D3A415 /* Pods_iOS_Reload.framework in Frameworks */,
			);
			runOnlyForDeploymentPostprocessing = 0;
		};
/* End PBXFrameworksBuildPhase section */

/* Begin PBXGroup section */
		1B96185A510930F908FE41C4 /* Frameworks */ = {
			isa = PBXGroup;
			children = (
				FA4605EAF6C4B77DE2DC4B02 /* Pods_iOS_Reload.framework */,
			);
			name = Frameworks;
			sourceTree = "<group>";
		};
		4DDDB1092051F38E002241EA = {
			isa = PBXGroup;
			children = (
				4DDDB1142051F38E002241EA /* iOS-Reload */,
				4DDDB1132051F38E002241EA /* Products */,
				92352563BA1C8622C47E4E79 /* Pods */,
				1B96185A510930F908FE41C4 /* Frameworks */,
			);
			sourceTree = "<group>";
		};
		4DDDB1132051F38E002241EA /* Products */ = {
			isa = PBXGroup;
			children = (
				4DDDB1122051F38E002241EA /* iOS-Reload.app */,
			);
			name = Products;
			sourceTree = "<group>";
		};
		4DDDB1142051F38E002241EA /* iOS-Reload */ = {
			isa = PBXGroup;
			children = (
				4DDDB1292051F3E9002241EA /* RunningWallet.swift */,
				4DDDB1152051F38E002241EA /* AppDelegate.swift */,
				4DDDB1172051F38E002241EA /* MasterViewController.swift */,
				4DDDB1192051F38E002241EA /* DetailViewController.swift */,
				4DDDB11B2051F38E002241EA /* Main.storyboard */,
				4DDDB11E2051F38E002241EA /* Assets.xcassets */,
				4DDDB1202051F38E002241EA /* LaunchScreen.storyboard */,
				4DDDB1232051F38E002241EA /* Info.plist */,
			);
			path = "iOS-Reload";
			sourceTree = "<group>";
		};
		92352563BA1C8622C47E4E79 /* Pods */ = {
			isa = PBXGroup;
			children = (
				8225EFE083D87E8B931DCE67 /* Pods-iOS-Reload.debug.xcconfig */,
				12EF49F15DC298578C2196D3 /* Pods-iOS-Reload.release.xcconfig */,
			);
			name = Pods;
			sourceTree = "<group>";
		};
/* End PBXGroup section */

/* Begin PBXNativeTarget section */
		4DDDB1112051F38E002241EA /* iOS-Reload */ = {
			isa = PBXNativeTarget;
			buildConfigurationList = 4DDDB1262051F38E002241EA /* Build configuration list for PBXNativeTarget "iOS-Reload" */;
			buildPhases = (
				7EB441A2AAD013923D61673D /* [CP] Check Pods Manifest.lock */,
				4DDDB10E2051F38E002241EA /* Sources */,
				4DDDB10F2051F38E002241EA /* Frameworks */,
				4DDDB1102051F38E002241EA /* Resources */,
				5D45D34C479DB608B594BB1C /* [CP] Embed Pods Frameworks */,
				5BBDE1373C056DADC6DA0FBA /* [CP] Copy Pods Resources */,
			);
			buildRules = (
			);
			dependencies = (
			);
			name = "iOS-Reload";
			productName = "iOS-Reload";
			productReference = 4DDDB1122051F38E002241EA /* iOS-Reload.app */;
			productType = "com.apple.product-type.application";
		};
/* End PBXNativeTarget section */

/* Begin PBXProject section */
		4DDDB10A2051F38E002241EA /* Project object */ = {
			isa = PBXProject;
			attributes = {
				LastSwiftUpdateCheck = 0920;
				LastUpgradeCheck = 0920;
				ORGANIZATIONNAME = matthewli;
				TargetAttributes = {
					4DDDB1112051F38E002241EA = {
						CreatedOnToolsVersion = 9.2;
						ProvisioningStyle = Automatic;
					};
				};
			};
			buildConfigurationList = 4DDDB10D2051F38E002241EA /* Build configuration list for PBXProject "iOS-Reload" */;
			compatibilityVersion = "Xcode 8.0";
			developmentRegion = en;
			hasScannedForEncodings = 0;
			knownRegions = (
				en,
				Base,
			);
			mainGroup = 4DDDB1092051F38E002241EA;
			productRefGroup = 4DDDB1132051F38E002241EA /* Products */;
			projectDirPath = "";
			projectRoot = "";
			targets = (
				4DDDB1112051F38E002241EA /* iOS-Reload */,
			);
		};
/* End PBXProject section */

/* Begin PBXResourcesBuildPhase section */
		4DDDB1102051F38E002241EA /* Resources */ = {
			isa = PBXResourcesBuildPhase;
			buildActionMask = 2147483647;
			files = (
				4DDDB1222051F38E002241EA /* LaunchScreen.storyboard in Resources */,
				4DDDB11F2051F38E002241EA /* Assets.xcassets in Resources */,
				4DDDB11D2051F38E002241EA /* Main.storyboard in Resources */,
			);
			runOnlyForDeploymentPostprocessing = 0;
		};
/* End PBXResourcesBuildPhase section */

/* Begin PBXShellScriptBuildPhase section */
		5BBDE1373C056DADC6DA0FBA /* [CP] Copy Pods Resources */ = {
			isa = PBXShellScriptBuildPhase;
			buildActionMask = 2147483647;
			files = (
			);
			inputPaths = (
			);
			name = "[CP] Copy Pods Resources";
			outputPaths = (
			);
			runOnlyForDeploymentPostprocessing = 0;
			shellPath = /bin/sh;
			shellScript = "\"${SRCROOT}/Pods/Target Support Files/Pods-iOS-Reload/Pods-iOS-Reload-resources.sh\"\n";
			showEnvVarsInLog = 0;
		};
		5D45D34C479DB608B594BB1C /* [CP] Embed Pods Frameworks */ = {
			isa = PBXShellScriptBuildPhase;
			buildActionMask = 2147483647;
			files = (
			);
			inputPaths = (
				"${SRCROOT}/Pods/Target Support Files/Pods-iOS-Reload/Pods-iOS-Reload-frameworks.sh",
				"${BUILT_PRODUCTS_DIR}/Alamofire/Alamofire.framework",
				"${BUILT_PRODUCTS_DIR}/SwiftyJSON/SwiftyJSON.framework",
			);
			name = "[CP] Embed Pods Frameworks";
			outputPaths = (
				"${TARGET_BUILD_DIR}/${FRAMEWORKS_FOLDER_PATH}/Alamofire.framework",
				"${TARGET_BUILD_DIR}/${FRAMEWORKS_FOLDER_PATH}/SwiftyJSON.framework",
			);
			runOnlyForDeploymentPostprocessing = 0;
			shellPath = /bin/sh;
			shellScript = "\"${SRCROOT}/Pods/Target Support Files/Pods-iOS-Reload/Pods-iOS-Reload-frameworks.sh\"\n";
			showEnvVarsInLog = 0;
		};
		7EB441A2AAD013923D61673D /* [CP] Check Pods Manifest.lock */ = {
			isa = PBXShellScriptBuildPhase;
			buildActionMask = 2147483647;
			files = (
			);
			inputPaths = (
				"${PODS_PODFILE_DIR_PATH}/Podfile.lock",
				"${PODS_ROOT}/Manifest.lock",
			);
			name = "[CP] Check Pods Manifest.lock";
			outputPaths = (
				"$(DERIVED_FILE_DIR)/Pods-iOS-Reload-checkManifestLockResult.txt",
			);
			runOnlyForDeploymentPostprocessing = 0;
			shellPath = /bin/sh;
			shellScript = "diff \"${PODS_PODFILE_DIR_PATH}/Podfile.lock\" \"${PODS_ROOT}/Manifest.lock\" > /dev/null\nif [ $? != 0 ] ; then\n    # print error to STDERR\n    echo \"error: The sandbox is not in sync with the Podfile.lock. Run 'pod install' or update your CocoaPods installation.\" >&2\n    exit 1\nfi\n# This output is used by Xcode 'outputs' to avoid re-running this script phase.\necho \"SUCCESS\" > \"${SCRIPT_OUTPUT_FILE_0}\"\n";
			showEnvVarsInLog = 0;
		};
/* End PBXShellScriptBuildPhase section */

/* Begin PBXSourcesBuildPhase section */
		4DDDB10E2051F38E002241EA /* Sources */ = {
			isa = PBXSourcesBuildPhase;
			buildActionMask = 2147483647;
			files = (
				4DDDB12A2051F3E9002241EA /* RunningWallet.swift in Sources */,
				4DDDB11A2051F38E002241EA /* DetailViewController.swift in Sources */,
				4DDDB1182051F38E002241EA /* MasterViewController.swift in Sources */,
				4DDDB1162051F38E002241EA /* AppDelegate.swift in Sources */,
			);
			runOnlyForDeploymentPostprocessing = 0;
		};
/* End PBXSourcesBuildPhase section */

/* Begin PBXVariantGroup section */
		4DDDB11B2051F38E002241EA /* Main.storyboard */ = {
			isa = PBXVariantGroup;
			children = (
				4DDDB11C2051F38E002241EA /* Base */,
			);
			name = Main.storyboard;
			sourceTree = "<group>";
		};
		4DDDB1202051F38E002241EA /* LaunchScreen.storyboard */ = {
			isa = PBXVariantGroup;
			children = (
				4DDDB1212051F38E002241EA /* Base */,
			);
			name = LaunchScreen.storyboard;
			sourceTree = "<group>";
		};
/* End PBXVariantGroup section */

/* Begin XCBuildConfiguration section */
		4DDDB1242051F38E002241EA /* Debug */ = {
			isa = XCBuildConfiguration;
			buildSettings = {
				ALWAYS_SEARCH_USER_PATHS = NO;
				CLANG_ANALYZER_NONNULL = YES;
				CLANG_ANALYZER_NUMBER_OBJECT_CONVERSION = YES_AGGRESSIVE;
				CLANG_CXX_LANGUAGE_STANDARD = "gnu++14";
				CLANG_CXX_LIBRARY = "libc++";
				CLANG_ENABLE_MODULES = YES;
				CLANG_ENABLE_OBJC_ARC = YES;
				CLANG_WARN_BLOCK_CAPTURE_AUTORELEASING = YES;
				CLANG_WARN_BOOL_CONVERSION = YES;
				CLANG_WARN_COMMA = YES;
				CLANG_WARN_CONSTANT_CONVERSION = YES;
				CLANG_WARN_DIRECT_OBJC_ISA_USAGE = YES_ERROR;
				CLANG_WARN_DOCUMENTATION_COMMENTS = YES;
				CLANG_WARN_EMPTY_BODY = YES;
				CLANG_WARN_ENUM_CONVERSION = YES;
				CLANG_WARN_INFINITE_RECURSION = YES;
				CLANG_WARN_INT_CONVERSION = YES;
				CLANG_WARN_NON_LITERAL_NULL_CONVERSION = YES;
				CLANG_WARN_OBJC_LITERAL_CONVERSION = YES;
				CLANG_WARN_OBJC_ROOT_CLASS = YES_ERROR;
				CLANG_WARN_RANGE_LOOP_ANALYSIS = YES;
				CLANG_WARN_STRICT_PROTOTYPES = YES;
				CLANG_WARN_SUSPICIOUS_MOVE = YES;
				CLANG_WARN_UNGUARDED_AVAILABILITY = YES_AGGRESSIVE;
				CLANG_WARN_UNREACHABLE_CODE = YES;
				CLANG_WARN__DUPLICATE_METHOD_MATCH = YES;
				CODE_SIGN_IDENTITY = "iPhone Developer";
				COPY_PHASE_STRIP = NO;
				DEBUG_INFORMATION_FORMAT = dwarf;
				ENABLE_STRICT_OBJC_MSGSEND = YES;
				ENABLE_TESTABILITY = YES;
				GCC_C_LANGUAGE_STANDARD = gnu11;
				GCC_DYNAMIC_NO_PIC = NO;
				GCC_NO_COMMON_BLOCKS = YES;
				GCC_OPTIMIZATION_LEVEL = 0;
				GCC_PREPROCESSOR_DEFINITIONS = (
					"DEBUG=1",
					"$(inherited)",
				);
				GCC_WARN_64_TO_32_BIT_CONVERSION = YES;
				GCC_WARN_ABOUT_RETURN_TYPE = YES_ERROR;
				GCC_WARN_UNDECLARED_SELECTOR = YES;
				GCC_WARN_UNINITIALIZED_AUTOS = YES_AGGRESSIVE;
				GCC_WARN_UNUSED_FUNCTION = YES;
				GCC_WARN_UNUSED_VARIABLE = YES;
				IPHONEOS_DEPLOYMENT_TARGET = 11.2;
				MTL_ENABLE_DEBUG_INFO = YES;
				ONLY_ACTIVE_ARCH = YES;
				SDKROOT = iphoneos;
				SWIFT_ACTIVE_COMPILATION_CONDITIONS = DEBUG;
				SWIFT_OPTIMIZATION_LEVEL = "-Onone";
			};
			name = Debug;
		};
		4DDDB1252051F38E002241EA /* Release */ = {
			isa = XCBuildConfiguration;
			buildSettings = {
				ALWAYS_SEARCH_USER_PATHS = NO;
				CLANG_ANALYZER_NONNULL = YES;
				CLANG_ANALYZER_NUMBER_OBJECT_CONVERSION = YES_AGGRESSIVE;
				CLANG_CXX_LANGUAGE_STANDARD = "gnu++14";
				CLANG_CXX_LIBRARY = "libc++";
				CLANG_ENABLE_MODULES = YES;
				CLANG_ENABLE_OBJC_ARC = YES;
				CLANG_WARN_BLOCK_CAPTURE_AUTORELEASING = YES;
				CLANG_WARN_BOOL_CONVERSION = YES;
				CLANG_WARN_COMMA = YES;
				CLANG_WARN_CONSTANT_CONVERSION = YES;
				CLANG_WARN_DIRECT_OBJC_ISA_USAGE = YES_ERROR;
				CLANG_WARN_DOCUMENTATION_COMMENTS = YES;
				CLANG_WARN_EMPTY_BODY = YES;
				CLANG_WARN_ENUM_CONVERSION = YES;
				CLANG_WARN_INFINITE_RECURSION = YES;
				CLANG_WARN_INT_CONVERSION = YES;
				CLANG_WARN_NON_LITERAL_NULL_CONVERSION = YES;
				CLANG_WARN_OBJC_LITERAL_CONVERSION = YES;
				CLANG_WARN_OBJC_ROOT_CLASS = YES_ERROR;
				CLANG_WARN_RANGE_LOOP_ANALYSIS = YES;
				CLANG_WARN_STRICT_PROTOTYPES = YES;
				CLANG_WARN_SUSPICIOUS_MOVE = YES;
				CLANG_WARN_UNGUARDED_AVAILABILITY = YES_AGGRESSIVE;
				CLANG_WARN_UNREACHABLE_CODE = YES;
				CLANG_WARN__DUPLICATE_METHOD_MATCH = YES;
				CODE_SIGN_IDENTITY = "iPhone Developer";
				COPY_PHASE_STRIP = NO;
				DEBUG_INFORMATION_FORMAT = "dwarf-with-dsym";
				ENABLE_NS_ASSERTIONS = NO;
				ENABLE_STRICT_OBJC_MSGSEND = YES;
				GCC_C_LANGUAGE_STANDARD = gnu11;
				GCC_NO_COMMON_BLOCKS = YES;
				GCC_WARN_64_TO_32_BIT_CONVERSION = YES;
				GCC_WARN_ABOUT_RETURN_TYPE = YES_ERROR;
				GCC_WARN_UNDECLARED_SELECTOR = YES;
				GCC_WARN_UNINITIALIZED_AUTOS = YES_AGGRESSIVE;
				GCC_WARN_UNUSED_FUNCTION = YES;
				GCC_WARN_UNUSED_VARIABLE = YES;
				IPHONEOS_DEPLOYMENT_TARGET = 11.2;
				MTL_ENABLE_DEBUG_INFO = NO;
				SDKROOT = iphoneos;
				SWIFT_OPTIMIZATION_LEVEL = "-Owholemodule";
				VALIDATE_PRODUCT = YES;
			};
			name = Release;
		};
		4DDDB1272051F38E002241EA /* Debug */ = {
			isa = XCBuildConfiguration;
			baseConfigurationReference = 8225EFE083D87E8B931DCE67 /* Pods-iOS-Reload.debug.xcconfig */;
			buildSettings = {
				ASSETCATALOG_COMPILER_APPICON_NAME = AppIcon;
				CODE_SIGN_STYLE = Automatic;
				INFOPLIST_FILE = "iOS-Reload/Info.plist";
				LD_RUNPATH_SEARCH_PATHS = "$(inherited) @executable_path/Frameworks";
				PRODUCT_BUNDLE_IDENTIFIER = "com.matthewli.iOS-Reload";
				PRODUCT_NAME = "$(TARGET_NAME)";
				SWIFT_VERSION = 4.0;
				TARGETED_DEVICE_FAMILY = "1,2";
			};
			name = Debug;
		};
		4DDDB1282051F38E002241EA /* Release */ = {
			isa = XCBuildConfiguration;
			baseConfigurationReference = 12EF49F15DC298578C2196D3 /* Pods-iOS-Reload.release.xcconfig */;
			buildSettings = {
				ASSETCATALOG_COMPILER_APPICON_NAME = AppIcon;
				CODE_SIGN_STYLE = Automatic;
				INFOPLIST_FILE = "iOS-Reload/Info.plist";
				LD_RUNPATH_SEARCH_PATHS = "$(inherited) @executable_path/Frameworks";
				PRODUCT_BUNDLE_IDENTIFIER = "com.matthewli.iOS-Reload";
				PRODUCT_NAME = "$(TARGET_NAME)";
				SWIFT_VERSION = 4.0;
				TARGETED_DEVICE_FAMILY = "1,2";
			};
			name = Release;
		};
/* End XCBuildConfiguration section */

/* Begin XCConfigurationList section */
		4DDDB10D2051F38E002241EA /* Build configuration list for PBXProject "iOS-Reload" */ = {
			isa = XCConfigurationList;
			buildConfigurations = (
				4DDDB1242051F38E002241EA /* Debug */,
				4DDDB1252051F38E002241EA /* Release */,
			);
			defaultConfigurationIsVisible = 0;
			defaultConfigurationName = Release;
		};
		4DDDB1262051F38E002241EA /* Build configuration list for PBXNativeTarget "iOS-Reload" */ = {
			isa = XCConfigurationList;
			buildConfigurations = (
				4DDDB1272051F38E002241EA /* Debug */,
				4DDDB1282051F38E002241EA /* Release */,
			);
			defaultConfigurationIsVisible = 0;
			defaultConfigurationName = Release;
		};
/* End XCConfigurationList section */
	};
	rootObject = 4DDDB10A2051F38E002241EA /* Project object */;
}
